{
  "R": {
    "Version": "4.4.1",
    "Repositories": [
      {
        "Name": "CRAN",
        "URL": "https://cloud.r-project.org"
      }
    ]
  },
  "Packages": {
    "FDRestimation": {
      "Package": "FDRestimation",
      "Version": "1.0.1",
      "Source": "Repository",
      "Date": "2022-03-21",
      "Title": "Estimate, Plot, and Summarize False Discovery Rates",
      "Authors@R": "c( person(\"Megan\", \"Murray\", email = \"megan.c.hollister@vanderbilt.edu\", role = c(\"aut\", \"cre\")), person(\"Jeffrey\", \"Blume\", email = \"j.blume@vanderbilt.edu\", role = c(\"aut\")) )",
      "Author": "Megan Murray [aut, cre], Jeffrey Blume [aut]",
      "Maintainer": "Megan Murray <megan.c.hollister@vanderbilt.edu>",
      "Depends": [
        "R (>= 3.4.0)"
      ],
      "Imports": [
        "stats",
        "utils",
        "graphics",
        "Rdpack"
      ],
      "Description": "The user can directly compute and display false discovery rates from inputted p-values or z-scores under a variety of assumptions. p.fdr() computes FDRs, adjusted p-values and decision reject vectors from inputted p-values or z-values. get.pi0() estimates the proportion of data that are truly null. plot.p.fdr() plots the FDRs, adjusted p-values, and the raw p-values points against their rejection threshold lines.",
      "License": "MIT + file LICENSE",
      "URL": "<doi:10.12688/f1000research.52999.2>",
      "LazyData": "false",
      "RoxygenNote": "7.1.2",
      "Encoding": "UTF-8",
      "RdMacros": "Rdpack",
      "NeedsCompilation": "no",
      "Repository": "CRAN"
    },
    "MASS": {
      "Package": "MASS",
      "Version": "7.3-60.2",
      "Source": "Repository",
      "Priority": "recommended",
      "Date": "2024-01-12",
      "Revision": "$Rev: 3641 $",
      "Depends": [
        "R (>= 4.4.0)",
        "grDevices",
        "graphics",
        "stats",
        "utils"
      ],
      "Imports": [
        "methods"
      ],
      "Suggests": [
        "lattice",
        "nlme",
        "nnet",
        "survival"
      ],
      "Authors@R": "c(person(\"Brian\", \"Ripley\", role = c(\"aut\", \"cre\", \"cph\"), email = \"ripley@stats.ox.ac.uk\"), person(\"Bill\", \"Venables\", role = \"ctb\"), person(c(\"Douglas\", \"M.\"), \"Bates\", role = \"ctb\"), person(\"Kurt\", \"Hornik\", role = \"trl\", comment = \"partial port ca 1998\"), person(\"Albrecht\", \"Gebhardt\", role = \"trl\", comment = \"partial port ca 1998\"), person(\"David\", \"Firth\", role = \"ctb\"))",
      "Description": "Functions and datasets to support Venables and Ripley, \"Modern Applied Statistics with S\" (4th edition, 2002).",
      "Title": "Support Functions and Datasets for Venables and Ripley's MASS",
      "LazyData": "yes",
      "ByteCompile": "yes",
      "License": "GPL-2 | GPL-3",
      "URL": "http://www.stats.ox.ac.uk/pub/MASS4/",
      "Contact": "<MASS@stats.ox.ac.uk>",
      "NeedsCompilation": "yes",
      "Author": "Brian Ripley [aut, cre, cph], Bill Venables [ctb], Douglas M. Bates [ctb], Kurt Hornik [trl] (partial port ca 1998), Albrecht Gebhardt [trl] (partial port ca 1998), David Firth [ctb]",
      "Maintainer": "Brian Ripley <ripley@stats.ox.ac.uk>",
      "Repository": "CRAN"
    },
    "Matrix": {
      "Package": "Matrix",
      "Version": "1.7-0",
      "Source": "Repository",
      "VersionNote": "do also bump src/version.h, inst/include/Matrix/version.h",
      "Date": "2024-03-16",
      "Priority": "recommended",
      "Title": "Sparse and Dense Matrix Classes and Methods",
      "Description": "A rich hierarchy of sparse and dense matrix classes, including general, symmetric, triangular, and diagonal matrices with numeric, logical, or pattern entries.  Efficient methods for operating on such matrices, often wrapping the 'BLAS', 'LAPACK', and 'SuiteSparse' libraries.",
      "License": "GPL (>= 2) | file LICENCE",
      "URL": "https://Matrix.R-forge.R-project.org",
      "BugReports": "https://R-forge.R-project.org/tracker/?atid=294&group_id=61",
      "Contact": "Matrix-authors@R-project.org",
      "Authors@R": "c(person(\"Douglas\", \"Bates\", role = \"aut\", comment = c(ORCID = \"0000-0001-8316-9503\")), person(\"Martin\", \"Maechler\", role = c(\"aut\", \"cre\"), email = \"mmaechler+Matrix@gmail.com\", comment = c(ORCID = \"0000-0002-8685-9910\")), person(\"Mikael\", \"Jagan\", role = \"aut\", comment = c(ORCID = \"0000-0002-3542-2938\")), person(\"Timothy A.\", \"Davis\", role = \"ctb\", comment = c(ORCID = \"0000-0001-7614-6899\", \"SuiteSparse libraries\", \"collaborators listed in dir(system.file(\\\"doc\\\", \\\"SuiteSparse\\\", package=\\\"Matrix\\\"), pattern=\\\"License\\\", full.names=TRUE, recursive=TRUE)\")), person(\"George\", \"Karypis\", role = \"ctb\", comment = c(ORCID = \"0000-0003-2753-1437\", \"METIS library\", \"Copyright: Regents of the University of Minnesota\")), person(\"Jason\", \"Riedy\", role = \"ctb\", comment = c(ORCID = \"0000-0002-4345-4200\", \"GNU Octave's condest() and onenormest()\", \"Copyright: Regents of the University of California\")), person(\"Jens\", \"Oehlschlägel\", role = \"ctb\", comment = \"initial nearPD()\"), person(\"R Core Team\", role = \"ctb\", comment = \"base R's matrix implementation\"))",
      "Depends": [
        "R (>= 4.4.0)",
        "methods"
      ],
      "Imports": [
        "grDevices",
        "graphics",
        "grid",
        "lattice",
        "stats",
        "utils"
      ],
      "Suggests": [
        "MASS",
        "datasets",
        "sfsmisc",
        "tools"
      ],
      "Enhances": [
        "SparseM",
        "graph"
      ],
      "LazyData": "no",
      "LazyDataNote": "not possible, since we use data/*.R and our S4 classes",
      "BuildResaveData": "no",
      "Encoding": "UTF-8",
      "NeedsCompilation": "yes",
      "Author": "Douglas Bates [aut] (<https://orcid.org/0000-0001-8316-9503>), Martin Maechler [aut, cre] (<https://orcid.org/0000-0002-8685-9910>), Mikael Jagan [aut] (<https://orcid.org/0000-0002-3542-2938>), Timothy A. Davis [ctb] (<https://orcid.org/0000-0001-7614-6899>, SuiteSparse libraries, collaborators listed in dir(system.file(\"doc\", \"SuiteSparse\", package=\"Matrix\"), pattern=\"License\", full.names=TRUE, recursive=TRUE)), George Karypis [ctb] (<https://orcid.org/0000-0003-2753-1437>, METIS library, Copyright: Regents of the University of Minnesota), Jason Riedy [ctb] (<https://orcid.org/0000-0002-4345-4200>, GNU Octave's condest() and onenormest(), Copyright: Regents of the University of California), Jens Oehlschlägel [ctb] (initial nearPD()), R Core Team [ctb] (base R's matrix implementation)",
      "Maintainer": "Martin Maechler <mmaechler+Matrix@gmail.com>",
      "Repository": "CRAN"
    },
    "Rdpack": {
      "Package": "Rdpack",
      "Version": "2.6.6",
      "Source": "Repository",
      "Type": "Package",
      "Title": "Update and Manipulate Rd Documentation Objects",
      "Authors@R": "c( person(given = c(\"Georgi\", \"N.\"), family = \"Boshnakov\",  role = c(\"aut\", \"cre\"),  email = \"georgi.boshnakov@manchester.ac.uk\", comment = c(ORCID = \"0000-0003-2839-346X\")), person(given = \"Duncan\",  family = \"Murdoch\",  role = \"ctb\", email = \"murdoch.duncan@gmail.com\") )",
      "Description": "Functions for manipulation of R documentation objects, including functions reprompt() and ereprompt() for updating 'Rd' documentation for functions, methods and classes; 'Rd' macros for citations and import of references from 'bibtex' files for use in 'Rd' files and 'roxygen2' comments; 'Rd' macros for evaluating and inserting snippets of 'R' code and the results of its evaluation or creating graphics on the fly; and many functions for manipulation of references and Rd files.",
      "URL": "https://geobosh.github.io/Rdpack/ (doc), https://CRAN.R-project.org/package=Rdpack",
      "BugReports": "https://github.com/GeoBosh/Rdpack/issues",
      "Depends": [
        "R (>= 2.15.0)",
        "methods"
      ],
      "Imports": [
        "tools",
        "utils",
        "rbibutils (> 2.4)"
      ],
      "Suggests": [
        "grDevices",
        "testthat",
        "rstudioapi",
        "rprojroot",
        "gbRd"
      ],
      "License": "GPL (>= 2)",
      "LazyLoad": "yes",
      "Encoding": "UTF-8",
      "RoxygenNote": "7.1.1",
      "NeedsCompilation": "no",
      "Author": "Georgi N. Boshnakov [aut, cre] (ORCID: <https://orcid.org/0000-0003-2839-346X>), Duncan Murdoch [ctb]",
      "Maintainer": "Georgi N. Boshnakov <georgi.boshnakov@manchester.ac.uk>",
      "Repository": "CRAN"
    },
    "data.table": {
      "Package": "data.table",
      "Version": "1.17.8",
      "Source": "Repository",
      "Title": "Extension of `data.frame`",
      "Depends": [
        "R (>= 3.3.0)"
      ],
      "Imports": [
        "methods"
      ],
      "Suggests": [
        "bit64 (>= 4.0.0)",
        "bit (>= 4.0.4)",
        "R.utils",
        "xts",
        "zoo (>= 1.8-1)",
        "yaml",
        "knitr",
        "markdown"
      ],
      "Description": "Fast aggregation of large data (e.g. 100GB in RAM), fast ordered joins, fast add/modify/delete of columns by group using no copies at all, list columns, friendly and fast character-separated-value read/write. Offers a natural and flexible syntax, for faster development.",
      "License": "MPL-2.0 | file LICENSE",
      "URL": "https://r-datatable.com, https://Rdatatable.gitlab.io/data.table, https://github.com/Rdatatable/data.table",
      "BugReports": "https://github.com/Rdatatable/data.table/issues",
      "VignetteBuilder": "knitr",
      "Encoding": "UTF-8",
      "ByteCompile": "TRUE",
      "Authors@R": "c( person(\"Tyson\",\"Barrett\",        role=c(\"aut\",\"cre\"), email=\"t.barrett88@gmail.com\", comment = c(ORCID=\"0000-0002-2137-1391\")), person(\"Matt\",\"Dowle\",           role=\"aut\",          email=\"mattjdowle@gmail.com\"), person(\"Arun\",\"Srinivasan\",      role=\"aut\",          email=\"asrini@pm.me\"), person(\"Jan\",\"Gorecki\",          role=\"aut\"), person(\"Michael\",\"Chirico\",      role=\"aut\", comment = c(ORCID=\"0000-0003-0787-087X\")), person(\"Toby\",\"Hocking\",         role=\"aut\", comment = c(ORCID=\"0000-0002-3146-0865\")), person(\"Benjamin\",\"Schwendinger\",role=\"aut\", comment = c(ORCID=\"0000-0003-3315-8114\")), person(\"Ivan\", \"Krylov\",         role=\"aut\",          email=\"ikrylov@disroot.org\",   comment = c(ORCID=\"0000-0002-0172-3812\")), person(\"Pasha\",\"Stetsenko\",      role=\"ctb\"), person(\"Tom\",\"Short\",            role=\"ctb\"), person(\"Steve\",\"Lianoglou\",      role=\"ctb\"), person(\"Eduard\",\"Antonyan\",      role=\"ctb\"), person(\"Markus\",\"Bonsch\",        role=\"ctb\"), person(\"Hugh\",\"Parsonage\",       role=\"ctb\"), person(\"Scott\",\"Ritchie\",        role=\"ctb\"), person(\"Kun\",\"Ren\",              role=\"ctb\"), person(\"Xianying\",\"Tan\",         role=\"ctb\"), person(\"Rick\",\"Saporta\",         role=\"ctb\"), person(\"Otto\",\"Seiskari\",        role=\"ctb\"), person(\"Xianghui\",\"Dong\",        role=\"ctb\"), person(\"Michel\",\"Lang\",          role=\"ctb\"), person(\"Watal\",\"Iwasaki\",        role=\"ctb\"), person(\"Seth\",\"Wenchel\",         role=\"ctb\"), person(\"Karl\",\"Broman\",          role=\"ctb\"), person(\"Tobias\",\"Schmidt\",       role=\"ctb\"), person(\"David\",\"Arenburg\",       role=\"ctb\"), person(\"Ethan\",\"Smith\",          role=\"ctb\"), person(\"Francois\",\"Cocquemas\",   role=\"ctb\"), person(\"Matthieu\",\"Gomez\",       role=\"ctb\"), person(\"Philippe\",\"Chataignon\",  role=\"ctb\"), person(\"Nello\",\"Blaser\",         role=\"ctb\"), person(\"Dmitry\",\"Selivanov\",     role=\"ctb\"), person(\"Andrey\",\"Riabushenko\",   role=\"ctb\"), person(\"Cheng\",\"Lee\",            role=\"ctb\"), person(\"Declan\",\"Groves\",        role=\"ctb\"), person(\"Daniel\",\"Possenriede\",   role=\"ctb\"), person(\"Felipe\",\"Parages\",       role=\"ctb\"), person(\"Denes\",\"Toth\",           role=\"ctb\"), person(\"Mus\",\"Yaramaz-David\",    role=\"ctb\"), person(\"Ayappan\",\"Perumal\",      role=\"ctb\"), person(\"James\",\"Sams\",           role=\"ctb\"), person(\"Martin\",\"Morgan\",        role=\"ctb\"), person(\"Michael\",\"Quinn\",        role=\"ctb\"), person(\"@javrucebo\",\"\",          role=\"ctb\"), person(\"@marc-outins\",\"\",        role=\"ctb\"), person(\"Roy\",\"Storey\",           role=\"ctb\"), person(\"Manish\",\"Saraswat\",      role=\"ctb\"), person(\"Morgan\",\"Jacob\",         role=\"ctb\"), person(\"Michael\",\"Schubmehl\",    role=\"ctb\"), person(\"Davis\",\"Vaughan\",        role=\"ctb\"), person(\"Leonardo\",\"Silvestri\",   role=\"ctb\"), person(\"Jim\",\"Hester\",           role=\"ctb\"), person(\"Anthony\",\"Damico\",       role=\"ctb\"), person(\"Sebastian\",\"Freundt\",    role=\"ctb\"), person(\"David\",\"Simons\",         role=\"ctb\"), person(\"Elliott\",\"Sales de Andrade\", role=\"ctb\"), person(\"Cole\",\"Miller\",          role=\"ctb\"), person(\"Jens Peder\",\"Meldgaard\", role=\"ctb\"), person(\"Vaclav\",\"Tlapak\",        role=\"ctb\"), person(\"Kevin\",\"Ushey\",          role=\"ctb\"), person(\"Dirk\",\"Eddelbuettel\",    role=\"ctb\"), person(\"Tony\",\"Fischetti\",       role=\"ctb\"), person(\"Ofek\",\"Shilon\",          role=\"ctb\"), person(\"Vadim\",\"Khotilovich\",    role=\"ctb\"), person(\"Hadley\",\"Wickham\",       role=\"ctb\"), person(\"Bennet\",\"Becker\",        role=\"ctb\"), person(\"Kyle\",\"Haynes\",          role=\"ctb\"), person(\"Boniface Christian\",\"Kamgang\", role=\"ctb\"), person(\"Olivier\",\"Delmarcell\",   role=\"ctb\"), person(\"Josh\",\"O'Brien\",         role=\"ctb\"), person(\"Dereck\",\"de Mezquita\",   role=\"ctb\"), person(\"Michael\",\"Czekanski\",    role=\"ctb\"), person(\"Dmitry\", \"Shemetov\",     role=\"ctb\"), person(\"Nitish\", \"Jha\",          role=\"ctb\"), person(\"Joshua\", \"Wu\",           role=\"ctb\"), person(\"Iago\", \"Giné-Vázquez\",   role=\"ctb\"), person(\"Anirban\", \"Chetia\",      role=\"ctb\"), person(\"Doris\", \"Amoakohene\",    role=\"ctb\"), person(\"Angel\", \"Feliz\",         role=\"ctb\"), person(\"Michael\",\"Young\",        role=\"ctb\"), person(\"Mark\", \"Seeto\",          role=\"ctb\"), person(\"Philippe\", \"Grosjean\",   role=\"ctb\"), person(\"Vincent\", \"Runge\",       role=\"ctb\"), person(\"Christian\", \"Wia\",       role=\"ctb\"), person(\"Elise\", \"Maigné\",        role=\"ctb\"), person(\"Vincent\", \"Rocher\",      role=\"ctb\"), person(\"Vijay\", \"Lulla\",         role=\"ctb\"), person(\"Aljaž\", \"Sluga\",         role=\"ctb\"), person(\"Bill\", \"Evans\",          role=\"ctb\") )",
      "NeedsCompilation": "yes",
      "Author": "Tyson Barrett [aut, cre] (ORCID: <https://orcid.org/0000-0002-2137-1391>), Matt Dowle [aut], Arun Srinivasan [aut], Jan Gorecki [aut], Michael Chirico [aut] (ORCID: <https://orcid.org/0000-0003-0787-087X>), Toby Hocking [aut] (ORCID: <https://orcid.org/0000-0002-3146-0865>), Benjamin Schwendinger [aut] (ORCID: <https://orcid.org/0000-0003-3315-8114>), Ivan Krylov [aut] (ORCID: <https://orcid.org/0000-0002-0172-3812>), Pasha Stetsenko [ctb], Tom Short [ctb], Steve Lianoglou [ctb], Eduard Antonyan [ctb], Markus Bonsch [ctb], Hugh Parsonage [ctb], Scott Ritchie [ctb], Kun Ren [ctb], Xianying Tan [ctb], Rick Saporta [ctb], Otto Seiskari [ctb], Xianghui Dong [ctb], Michel Lang [ctb], Watal Iwasaki [ctb], Seth Wenchel [ctb], Karl Broman [ctb], Tobias Schmidt [ctb], David Arenburg [ctb], Ethan Smith [ctb], Francois Cocquemas [ctb], Matthieu Gomez [ctb], Philippe Chataignon [ctb], Nello Blaser [ctb], Dmitry Selivanov [ctb], Andrey Riabushenko [ctb], Cheng Lee [ctb], Declan Groves [ctb], Daniel Possenriede [ctb], Felipe Parages [ctb], Denes Toth [ctb], Mus Yaramaz-David [ctb], Ayappan Perumal [ctb], James Sams [ctb], Martin Morgan [ctb], Michael Quinn [ctb], @javrucebo [ctb], @marc-outins [ctb], Roy Storey [ctb], Manish Saraswat [ctb], Morgan Jacob [ctb], Michael Schubmehl [ctb], Davis Vaughan [ctb], Leonardo Silvestri [ctb], Jim Hester [ctb], Anthony Damico [ctb], Sebastian Freundt [ctb], David Simons [ctb], Elliott Sales de Andrade [ctb], Cole Miller [ctb], Jens Peder Meldgaard [ctb], Vaclav Tlapak [ctb], Kevin Ushey [ctb], Dirk Eddelbuettel [ctb], Tony Fischetti [ctb], Ofek Shilon [ctb], Vadim Khotilovich [ctb], Hadley Wickham [ctb], Bennet Becker [ctb], Kyle Haynes [ctb], Boniface Christian Kamgang [ctb], Olivier Delmarcell [ctb], Josh O'Brien [ctb], Dereck de Mezquita [ctb], Michael Czekanski [ctb], Dmitry Shemetov [ctb], Nitish Jha [ctb], Joshua Wu [ctb], Iago Giné-Vázquez [ctb], Anirban Chetia [ctb], Doris Amoakohene [ctb], Angel Feliz [ctb], Michael Young [ctb], Mark Seeto [ctb], Philippe Grosjean [ctb], Vincent Runge [ctb], Christian Wia [ctb], Elise Maigné [ctb], Vincent Rocher [ctb], Vijay Lulla [ctb], Aljaž Sluga [ctb], Bill Evans [ctb]",
      "Maintainer": "Tyson Barrett <t.barrett88@gmail.com>",
      "Repository": "CRAN"
    },
    "lattice": {
      "Package": "lattice",
      "Version": "0.22-6",
      "Source": "Repository",
      "Date": "2024-03-20",
      "Priority": "recommended",
      "Title": "Trellis Graphics for R",
      "Authors@R": "c(person(\"Deepayan\", \"Sarkar\", role = c(\"aut\", \"cre\"), email = \"deepayan.sarkar@r-project.org\", comment = c(ORCID = \"0000-0003-4107-1553\")), person(\"Felix\", \"Andrews\", role = \"ctb\"), person(\"Kevin\", \"Wright\", role = \"ctb\", comment = \"documentation\"), person(\"Neil\", \"Klepeis\", role = \"ctb\"), person(\"Johan\", \"Larsson\", role = \"ctb\", comment = \"miscellaneous improvements\"), person(\"Zhijian (Jason)\", \"Wen\", role = \"cph\", comment = \"filled contour code\"), person(\"Paul\", \"Murrell\", role = \"ctb\", email = \"paul@stat.auckland.ac.nz\"), person(\"Stefan\", \"Eng\", role = \"ctb\", comment = \"violin plot improvements\"), person(\"Achim\", \"Zeileis\", role = \"ctb\", comment = \"modern colors\"), person(\"Alexandre\", \"Courtiol\", role = \"ctb\", comment = \"generics for larrows, lpolygon, lrect and lsegments\") )",
      "Description": "A powerful and elegant high-level data visualization system inspired by Trellis graphics, with an emphasis on multivariate data. Lattice is sufficient for typical graphics needs, and is also flexible enough to handle most nonstandard requirements. See ?Lattice for an introduction.",
      "Depends": [
        "R (>= 4.0.0)"
      ],
      "Suggests": [
        "KernSmooth",
        "MASS",
        "latticeExtra",
        "colorspace"
      ],
      "Imports": [
        "grid",
        "grDevices",
        "graphics",
        "stats",
        "utils"
      ],
      "Enhances": [
        "chron",
        "zoo"
      ],
      "LazyLoad": "yes",
      "LazyData": "yes",
      "License": "GPL (>= 2)",
      "URL": "https://lattice.r-forge.r-project.org/",
      "BugReports": "https://github.com/deepayan/lattice/issues",
      "NeedsCompilation": "yes",
      "Author": "Deepayan Sarkar [aut, cre] (<https://orcid.org/0000-0003-4107-1553>), Felix Andrews [ctb], Kevin Wright [ctb] (documentation), Neil Klepeis [ctb], Johan Larsson [ctb] (miscellaneous improvements), Zhijian (Jason) Wen [cph] (filled contour code), Paul Murrell [ctb], Stefan Eng [ctb] (violin plot improvements), Achim Zeileis [ctb] (modern colors), Alexandre Courtiol [ctb] (generics for larrows, lpolygon, lrect and lsegments)",
      "Maintainer": "Deepayan Sarkar <deepayan.sarkar@r-project.org>",
      "Repository": "CRAN"
    },
    "rbibutils": {
      "Package": "rbibutils",
      "Version": "2.4.1",
      "Source": "Repository",
      "Type": "Package",
      "Title": "Read 'Bibtex' Files and Convert Between Bibliography Formats",
      "Authors@R": "c( person(given = c(\"Georgi\", \"N.\"), family = \"Boshnakov\",  role = c(\"aut\", \"cre\"), \t email = \"georgi.boshnakov@manchester.ac.uk\", comment = c(ORCID = \"0000-0003-2839-346X\", \"R port, R code, new C code and modifications to bibutils' C code, conversion to Bibentry (R and C code)\") ), person(given = \"Chris\", family = \"Putman\", role = \"aut\", comment = \"src/*, author of the bibutils libraries, https://sourceforge.net/projects/bibutils/\"), person(given = \"Richard\", family = \"Mathar\", role = \"ctb\", comment = \"src/addsout.c\"), person(given = \"Johannes\", family = \"Wilm\", role = \"ctb\", comment = \"src/biblatexin.c, src/bltypes.c\"), person(\"R Core Team\", role = \"ctb\", comment = \"base R's bibentry and bibstyle implementation\") )",
      "Description": "Read and write 'Bibtex' files. Convert between bibliography formats, including 'Bibtex', 'Biblatex', 'PubMed', 'Endnote', and 'Bibentry'.  Includes a port of the 'bibutils' utilities by Chris Putnam <https://sourceforge.net/projects/bibutils/>. Supports all bibliography formats and character encodings implemented in 'bibutils'.",
      "License": "GPL-2",
      "URL": "https://geobosh.github.io/rbibutils/ (doc), https://CRAN.R-project.org/package=rbibutils",
      "BugReports": "https://github.com/GeoBosh/rbibutils/issues",
      "Depends": [
        "R (>= 2.10)"
      ],
      "Imports": [
        "utils",
        "tools"
      ],
      "Suggests": [
        "testthat"
      ],
      "Encoding": "UTF-8",
      "NeedsCompilation": "yes",
      "Config/Needs/memcheck": "devtools, rcmdcheck",
      "Author": "Georgi N. Boshnakov [aut, cre] (ORCID: <https://orcid.org/0000-0003-2839-346X>, R port, R code, new C code and modifications to bibutils' C code, conversion to Bibentry (R and C code)), Chris Putman [aut] (src/*, author of the bibutils libraries, https://sourceforge.net/projects/bibutils/), Richard Mathar [ctb] (src/addsout.c), Johannes Wilm [ctb] (src/biblatexin.c, src/bltypes.c), R Core Team [ctb] (base R's bibentry and bibstyle implementation)",
      "Maintainer": "Georgi N. Boshnakov <georgi.boshnakov@manchester.ac.uk>",
      "Repository": "CRAN"
    },
    "renv": {
      "Package": "renv",
      "Version": "1.1.8",
      "Source": "Repository",
      "Type": "Package",
      "Title": "Project Environments",
      "Authors@R": "c( person(\"Kevin\", \"Ushey\", role = c(\"aut\", \"cre\"), email = \"kevin@rstudio.com\", comment = c(ORCID = \"0000-0003-2880-7407\")), person(\"Hadley\", \"Wickham\", role = c(\"aut\"), email = \"hadley@rstudio.com\", comment = c(ORCID = \"0000-0003-4757-117X\")), person(\"Posit Software, PBC\", role = c(\"cph\", \"fnd\")) )",
      "Description": "A dependency management toolkit for R. Using 'renv', you can create and manage project-local R libraries, save the state of these libraries to a 'lockfile', and later restore your library as required. Together, these tools can help make your projects more isolated, portable, and reproducible.",
      "License": "MIT + file LICENSE",
      "URL": "https://rstudio.github.io/renv/, https://github.com/rstudio/renv",
      "BugReports": "https://github.com/rstudio/renv/issues",
      "Imports": [
        "utils"
      ],
      "Suggests": [
        "BiocManager",
        "cli",
        "compiler",
        "covr",
        "cpp11",
        "curl",
        "devtools",
        "generics",
        "gitcreds",
        "jsonlite",
        "jsonvalidate",
        "knitr",
        "miniUI",
        "modules",
        "packrat",
        "pak",
        "R6",
        "remotes",
        "reticulate",
        "rmarkdown",
        "rstudioapi",
        "shiny",
        "testthat",
        "uuid",
        "waldo",
        "yaml",
        "webfakes"
      ],
      "Encoding": "UTF-8",
      "RoxygenNote": "7.3.3",
      "VignetteBuilder": "knitr",
      "NeedsCompilation": "yes",
      "Config/Needs/website": "tidyverse/tidytemplate",
      "Config/testthat/edition": "3",
      "Config/testthat/parallel": "true",
      "Config/testthat/start-first": "bioconductor,python,install,restore,snapshot,retrieve,remotes",
      "Author": "Kevin Ushey [aut, cre] (ORCID: <https://orcid.org/0000-0003-2880-7407>), Hadley Wickham [aut] (ORCID: <https://orcid.org/0000-0003-4757-117X>), Posit Software, PBC [cph, fnd]",
      "Maintainer": "Kevin Ushey <kevin@rstudio.com>",
      "Repository": "CRAN"
    }
  }
}
